
Microsoft Visual Studio Solution File, Format Version 12.00
# Visual Studio 2013
VisualStudioVersion = 12.0.21005.1
MinimumVisualStudioVersion = 10.0.40219.1
Project("{FAE04EC0-301F-11D3-BF4B-00C04F79EFBC}") = "Domain", "Domain\Domain.csproj", "{CDF738F9-C94C-453B-8453-895D82CE2D63}"
EndProject
Project("{FAE04EC0-301F-11D3-BF4B-00C04F79EFBC}") = "EntityFrameworkDAL", "EntityFrameworkDAL\EntityFrameworkDAL.csproj", "{A9F36027-5DED-4304-9172-06B3DA8C3848}"
EndProject
Project("{FAE04EC0-301F-11D3-BF4B-00C04F79EFBC}") = "DatabaseGenerator", "DatabaseGenerator\DatabaseGenerator.csproj", "{1F19D1D0-B7BB-4450-B352-5C1B77E8A687}"
EndProject
Project("{FAE04EC0-301F-11D3-BF4B-00C04F79EFBC}") = "ConsoleTestApp", "ConsoleTestApp\ConsoleTestApp.csproj", "{127E6818-65DB-44A5-B98F-6B8CDED8162E}"
EndProject
Project("{FAE04EC0-301F-11D3-BF4B-00C04F79EFBC}") = "CoreManager", "CoreManager\CoreManager.csproj", "{AF70561A-14EB-4CC0-B52E-ADF80128A449}"
EndProject
Project("{FAE04EC0-301F-11D3-BF4B-00C04F79EFBC}") = "Exceptions", "Exceptions\Exceptions.csproj", "{9E0DE38B-D45A-4BA5-A76E-93314CE4489B}"
EndProject
Global
	GlobalSection(SolutionConfigurationPlatforms) = preSolution
		Debug|Any CPU = Debug|Any CPU
		Release|Any CPU = Release|Any CPU
	EndGlobalSection
	GlobalSection(ProjectConfigurationPlatforms) = postSolution
		{CDF738F9-C94C-453B-8453-895D82CE2D63}.Debug|Any CPU.ActiveCfg = Debug|Any CPU
		{CDF738F9-C94C-453B-8453-895D82CE2D63}.Debug|Any CPU.Build.0 = Debug|Any CPU
		{CDF738F9-C94C-453B-8453-895D82CE2D63}.Release|Any CPU.ActiveCfg = Release|Any CPU
		{CDF738F9-C94C-453B-8453-895D82CE2D63}.Release|Any CPU.Build.0 = Release|Any CPU
		{A9F36027-5DED-4304-9172-06B3DA8C3848}.Debug|Any CPU.ActiveCfg = Debug|Any CPU
		{A9F36027-5DED-4304-9172-06B3DA8C3848}.Debug|Any CPU.Build.0 = Debug|Any CPU
		{A9F36027-5DED-4304-9172-06B3DA8C3848}.Release|Any CPU.ActiveCfg = Release|Any CPU
		{A9F36027-5DED-4304-9172-06B3DA8C3848}.Release|Any CPU.Build.0 = Release|Any CPU
		{1F19D1D0-B7BB-4450-B352-5C1B77E8A687}.Debug|Any CPU.ActiveCfg = Debug|Any CPU
		{1F19D1D0-B7BB-4450-B352-5C1B77E8A687}.Debug|Any CPU.Build.0 = Debug|Any CPU
		{1F19D1D0-B7BB-4450-B352-5C1B77E8A687}.Release|Any CPU.ActiveCfg = Release|Any CPU
		{1F19D1D0-B7BB-4450-B352-5C1B77E8A687}.Release|Any CPU.Build.0 = Release|Any CPU
		{127E6818-65DB-44A5-B98F-6B8CDED8162E}.Debug|Any CPU.ActiveCfg = Debug|Any CPU
		{127E6818-65DB-44A5-B98F-6B8CDED8162E}.Debug|Any CPU.Build.0 = Debug|Any CPU
		{127E6818-65DB-44A5-B98F-6B8CDED8162E}.Release|Any CPU.ActiveCfg = Release|Any CPU
		{127E6818-65DB-44A5-B98F-6B8CDED8162E}.Release|Any CPU.Build.0 = Release|Any CPU
		{AF70561A-14EB-4CC0-B52E-ADF80128A449}.Debug|Any CPU.ActiveCfg = Debug|Any CPU
		{AF70561A-14EB-4CC0-B52E-ADF80128A449}.Debug|Any CPU.Build.0 = Debug|Any CPU
		{AF70561A-14EB-4CC0-B52E-ADF80128A449}.Release|Any CPU.ActiveCfg = Release|Any CPU
		{AF70561A-14EB-4CC0-B52E-ADF80128A449}.Release|Any CPU.Build.0 = Release|Any CPU
		{9E0DE38B-D45A-4BA5-A76E-93314CE4489B}.Debug|Any CPU.ActiveCfg = Debug|Any CPU
		{9E0DE38B-D45A-4BA5-A76E-93314CE4489B}.Debug|Any CPU.Build.0 = Debug|Any CPU
		{9E0DE38B-D45A-4BA5-A76E-93314CE4489B}.Release|Any CPU.ActiveCfg = Release|Any CPU
		{9E0DE38B-D45A-4BA5-A76E-93314CE4489B}.Release|Any CPU.Build.0 = Release|Any CPU
	EndGlobalSection
	GlobalSection(SolutionProperties) = preSolution
		HideSolutionNode = FALSE
	EndGlobalSection
EndGlobal
